// !$*UTF8*$!
{
	archiveVersion = 1;
	classes = {
	};
	objectVersion = 50;
	objects = {

/* Begin PBXBuildFile section */
		348921BC5C45455992621375 /* Pods_GildtApp.framework in Frameworks */ = {isa = PBXBuildFile; fileRef = 851FFD7A69B2CD05610C3A5C /* Pods_GildtApp.framework */; };
		B00563B9219DC34E00B9F635 /* Assets.xcassets in Resources */ = {isa = PBXBuildFile; fileRef = B00563B8219DC34E00B9F635 /* Assets.xcassets */; };
		B0177A3A219B8F1C00E379D5 /* OnBoarding.storyboard in Resources */ = {isa = PBXBuildFile; fileRef = B0177A39219B8F1C00E379D5 /* OnBoarding.storyboard */; };
		B0177A3E219B9C4B00E379D5 /* BackendAPIService.swift in Sources */ = {isa = PBXBuildFile; fileRef = B0177A3D219B9C4B00E379D5 /* BackendAPIService.swift */; };
		B0177A40219B9C8100E379D5 /* LocalStorageService.swift in Sources */ = {isa = PBXBuildFile; fileRef = B0177A3F219B9C8100E379D5 /* LocalStorageService.swift */; };
		B0177A42219C64E500E379D5 /* JukeboxViewController.swift in Sources */ = {isa = PBXBuildFile; fileRef = B0177A41219C64E500E379D5 /* JukeboxViewController.swift */; };
		B0177A44219CC6A100E379D5 /* SongRequest.swift in Sources */ = {isa = PBXBuildFile; fileRef = B0177A43219CC6A100E379D5 /* SongRequest.swift */; };
		B0177A47219CCD6800E379D5 /* SongRequestTableViewCell.swift in Sources */ = {isa = PBXBuildFile; fileRef = B0177A46219CCD6800E379D5 /* SongRequestTableViewCell.swift */; };
		B0177A49219CCE3500E379D5 /* SongRequestTableViewCell.xib in Resources */ = {isa = PBXBuildFile; fileRef = B0177A48219CCE3500E379D5 /* SongRequestTableViewCell.xib */; };
		B078A90E219B0EE000545EAC /* AppDelegate.swift in Sources */ = {isa = PBXBuildFile; fileRef = B078A90D219B0EE000545EAC /* AppDelegate.swift */; };
		B078A915219B0EE000545EAC /* Main.storyboard in Resources */ = {isa = PBXBuildFile; fileRef = B078A913219B0EE000545EAC /* Main.storyboard */; };
		B078A91A219B0EE300545EAC /* LaunchScreen.storyboard in Resources */ = {isa = PBXBuildFile; fileRef = B078A918219B0EE300545EAC /* LaunchScreen.storyboard */; };
		B099D20021B0278400DA4473 /* AgendaViewController.swift in Sources */ = {isa = PBXBuildFile; fileRef = B099D1FF21B0278400DA4473 /* AgendaViewController.swift */; };
		B099D20221B029AA00DA4473 /* NavigationViewController.swift in Sources */ = {isa = PBXBuildFile; fileRef = B099D20121B029AA00DA4473 /* NavigationViewController.swift */; };
		B099D20421B02ED000DA4473 /* MainTabBarController.swift in Sources */ = {isa = PBXBuildFile; fileRef = B099D20321B02ED000DA4473 /* MainTabBarController.swift */; };
		B099D20A21B0442600DA4473 /* NewSong.swift in Sources */ = {isa = PBXBuildFile; fileRef = B099D20921B0442600DA4473 /* NewSong.swift */; };
		B0B1125F21C83EA300E4F721 /* ErrorMessage.swift in Sources */ = {isa = PBXBuildFile; fileRef = B0B1125E21C83EA300E4F721 /* ErrorMessage.swift */; };
		B0B1126621CE56F400E4F721 /* GenericTableViewController.swift in Sources */ = {isa = PBXBuildFile; fileRef = B0B1126521CE56F400E4F721 /* GenericTableViewController.swift */; };
		B0B1126921CE575000E4F721 /* GenericTableViewCell.swift in Sources */ = {isa = PBXBuildFile; fileRef = B0B1126821CE575000E4F721 /* GenericTableViewCell.swift */; };
		B0B1126B21CE707D00E4F721 /* GenericCollectionViewController.swift in Sources */ = {isa = PBXBuildFile; fileRef = B0B1126A21CE707D00E4F721 /* GenericCollectionViewController.swift */; };
		B0B1126D21CE70C300E4F721 /* GenericCollectionViewCell.swift in Sources */ = {isa = PBXBuildFile; fileRef = B0B1126C21CE70C300E4F721 /* GenericCollectionViewCell.swift */; };
		B0B1127621CE804400E4F721 /* GenericViewCell.swift in Sources */ = {isa = PBXBuildFile; fileRef = B0B1127521CE804400E4F721 /* GenericViewCell.swift */; };
		B0CADB8621AB243C00E6D848 /* RegisterModel.swift in Sources */ = {isa = PBXBuildFile; fileRef = B0CADB8521AB243C00E6D848 /* RegisterModel.swift */; };
		B0CADB8821AB254600E6D848 /* LoginPostBack.swift in Sources */ = {isa = PBXBuildFile; fileRef = B0CADB8721AB254600E6D848 /* LoginPostBack.swift */; };
		B0CADB8A21AB258C00E6D848 /* LoginModel.swift in Sources */ = {isa = PBXBuildFile; fileRef = B0CADB8921AB258C00E6D848 /* LoginModel.swift */; };
		B0CADB8C21AB2AE700E6D848 /* Login.storyboard in Resources */ = {isa = PBXBuildFile; fileRef = B0CADB8B21AB2AE700E6D848 /* Login.storyboard */; };
		B0CADB8E21AB2EA200E6D848 /* LoginViewController.swift in Sources */ = {isa = PBXBuildFile; fileRef = B0CADB8D21AB2EA200E6D848 /* LoginViewController.swift */; };
		B0CD4DC321BE99440060A28C /* Tag.swift in Sources */ = {isa = PBXBuildFile; fileRef = B0CD4DC221BE99440060A28C /* Tag.swift */; };
		B0CD4DC621BE99620060A28C /* Photo.swift in Sources */ = {isa = PBXBuildFile; fileRef = B0CD4DC521BE99620060A28C /* Photo.swift */; };
		B0CD4DCA21BE9F900060A28C /* TagOverviewViewController.swift in Sources */ = {isa = PBXBuildFile; fileRef = B0CD4DC921BE9F900060A28C /* TagOverviewViewController.swift */; };
		B0CD4DCD21BEA3120060A28C /* TagCollectionViewCell.xib in Resources */ = {isa = PBXBuildFile; fileRef = B0CD4DCC21BEA3120060A28C /* TagCollectionViewCell.xib */; };
		B0CD4DCF21BEA3200060A28C /* TagCollectionViewCell.swift in Sources */ = {isa = PBXBuildFile; fileRef = B0CD4DCE21BEA3200060A28C /* TagCollectionViewCell.swift */; };
		B0E84EF821C2709B00EF2C49 /* Image.swift in Sources */ = {isa = PBXBuildFile; fileRef = B0E84EF721C2709B00EF2C49 /* Image.swift */; };
		B0E84EFA21C2AA1700EF2C49 /* TagPhotosViewController.swift in Sources */ = {isa = PBXBuildFile; fileRef = B0E84EF921C2AA1700EF2C49 /* TagPhotosViewController.swift */; };
		B0E84EFD21C2BEAC00EF2C49 /* PreviewImageTableViewCell.swift in Sources */ = {isa = PBXBuildFile; fileRef = B0E84EFC21C2BEAC00EF2C49 /* PreviewImageTableViewCell.swift */; };
		B0E84EFF21C2BEF300EF2C49 /* PreviewImageTableViewCell.xib in Resources */ = {isa = PBXBuildFile; fileRef = B0E84EFE21C2BEF300EF2C49 /* PreviewImageTableViewCell.xib */; };
		DF70F66F219EE2C2001D3006 /* Agenda.storyboard in Resources */ = {isa = PBXBuildFile; fileRef = DF70F66E219EE2C2001D3006 /* Agenda.storyboard */; };
		DF70F671219EE2DB001D3006 /* Deals.storyboard in Resources */ = {isa = PBXBuildFile; fileRef = DF70F670219EE2DB001D3006 /* Deals.storyboard */; };
		DF70F673219EE304001D3006 /* Stempelkaart.storyboard in Resources */ = {isa = PBXBuildFile; fileRef = DF70F672219EE304001D3006 /* Stempelkaart.storyboard */; };
		DF70F675219EE318001D3006 /* Jukebox.storyboard in Resources */ = {isa = PBXBuildFile; fileRef = DF70F674219EE318001D3006 /* Jukebox.storyboard */; };
		DF70F677219EE337001D3006 /* Photo.storyboard in Resources */ = {isa = PBXBuildFile; fileRef = DF70F676219EE337001D3006 /* Photo.storyboard */; };
		DF70F67B21A183A7001D3006 /* UIColor.swift in Sources */ = {isa = PBXBuildFile; fileRef = DF70F67A21A183A7001D3006 /* UIColor.swift */; };
		DF70F68121A185FD001D3006 /* DealsViewController.swift in Sources */ = {isa = PBXBuildFile; fileRef = DF70F68021A185FD001D3006 /* DealsViewController.swift */; };
		DF70F68321A18635001D3006 /* DealsCollectionViewCell.swift in Sources */ = {isa = PBXBuildFile; fileRef = DF70F68221A18635001D3006 /* DealsCollectionViewCell.swift */; };
		DF70F69221AF394A001D3006 /* Deal.swift in Sources */ = {isa = PBXBuildFile; fileRef = DF70F69121AF394A001D3006 /* Deal.swift */; };
		DF772FBE21DA5F4600EC3EB1 /* StatusAlertService.swift in Sources */ = {isa = PBXBuildFile; fileRef = DF772FBD21DA5F4600EC3EB1 /* StatusAlertService.swift */; };
		DF772FC221DA6E5800EC3EB1 /* UIView.swift in Sources */ = {isa = PBXBuildFile; fileRef = DF772FC121DA6E5800EC3EB1 /* UIView.swift */; };
		DF9D57B121B085BE003A97FB /* AgendaTableViewCell.xib in Resources */ = {isa = PBXBuildFile; fileRef = DF9D57B021B085BE003A97FB /* AgendaTableViewCell.xib */; };
		DF9D57B321B08615003A97FB /* AgendaTableViewCell.swift in Sources */ = {isa = PBXBuildFile; fileRef = DF9D57B221B08615003A97FB /* AgendaTableViewCell.swift */; };
		DF9D57B721B09A8C003A97FB /* Event.swift in Sources */ = {isa = PBXBuildFile; fileRef = DF9D57B621B09A8C003A97FB /* Event.swift */; };
		DF9D57B921B0A52D003A97FB /* String.swift in Sources */ = {isa = PBXBuildFile; fileRef = DF9D57B821B0A52D003A97FB /* String.swift */; };
		DF9D57BE21B1D732003A97FB /* EventViewController.swift in Sources */ = {isa = PBXBuildFile; fileRef = DF9D57BD21B1D732003A97FB /* EventViewController.swift */; };
		DFB7981B21E13A980011425C /* Profile.storyboard in Resources */ = {isa = PBXBuildFile; fileRef = DFB7981A21E13A980011425C /* Profile.storyboard */; };
		DFB7981E21E13F7E0011425C /* ProfileViewController.swift in Sources */ = {isa = PBXBuildFile; fileRef = DFB7981D21E13F7E0011425C /* ProfileViewController.swift */; };
		DFB7982021E158A30011425C /* UIButtonExtended.swift in Sources */ = {isa = PBXBuildFile; fileRef = DFB7981F21E158A30011425C /* UIButtonExtended.swift */; };
		DFB7982221E355DA0011425C /* UILabelTopAlign.swift in Sources */ = {isa = PBXBuildFile; fileRef = DFB7982121E355DA0011425C /* UILabelTopAlign.swift */; };
		DFD460DE21C0493100F90B52 /* StempelkaartViewController.swift in Sources */ = {isa = PBXBuildFile; fileRef = DFD460DD21C0493100F90B52 /* StempelkaartViewController.swift */; };
		DFD460E121C0559400F90B52 /* StampCollectionViewCell.swift in Sources */ = {isa = PBXBuildFile; fileRef = DFD460E021C0559400F90B52 /* StampCollectionViewCell.swift */; };
		DFD460E521C05AD900F90B52 /* Stamp.swift in Sources */ = {isa = PBXBuildFile; fileRef = DFD460E421C05AD900F90B52 /* Stamp.swift */; };
/* End PBXBuildFile section */

/* Begin PBXFileReference section */
		010AC7F5A521E5C8F7C74994 /* Pods-GildtApp.debug.xcconfig */ = {isa = PBXFileReference; includeInIndex = 1; lastKnownFileType = text.xcconfig; name = "Pods-GildtApp.debug.xcconfig"; path = "Pods/Target Support Files/Pods-GildtApp/Pods-GildtApp.debug.xcconfig"; sourceTree = "<group>"; };
		851FFD7A69B2CD05610C3A5C /* Pods_GildtApp.framework */ = {isa = PBXFileReference; explicitFileType = wrapper.framework; includeInIndex = 0; path = Pods_GildtApp.framework; sourceTree = BUILT_PRODUCTS_DIR; };
		AC61AC83AADC724FF2441FBC /* Pods-GildtApp.release.xcconfig */ = {isa = PBXFileReference; includeInIndex = 1; lastKnownFileType = text.xcconfig; name = "Pods-GildtApp.release.xcconfig"; path = "Pods/Target Support Files/Pods-GildtApp/Pods-GildtApp.release.xcconfig"; sourceTree = "<group>"; };
		B00563B8219DC34E00B9F635 /* Assets.xcassets */ = {isa = PBXFileReference; lastKnownFileType = folder.assetcatalog; path = Assets.xcassets; sourceTree = "<group>"; };
		B0177A39219B8F1C00E379D5 /* OnBoarding.storyboard */ = {isa = PBXFileReference; lastKnownFileType = file.storyboard; path = OnBoarding.storyboard; sourceTree = "<group>"; };
		B0177A3D219B9C4B00E379D5 /* BackendAPIService.swift */ = {isa = PBXFileReference; lastKnownFileType = sourcecode.swift; path = BackendAPIService.swift; sourceTree = "<group>"; };
		B0177A3F219B9C8100E379D5 /* LocalStorageService.swift */ = {isa = PBXFileReference; lastKnownFileType = sourcecode.swift; path = LocalStorageService.swift; sourceTree = "<group>"; };
		B0177A41219C64E500E379D5 /* JukeboxViewController.swift */ = {isa = PBXFileReference; lastKnownFileType = sourcecode.swift; path = JukeboxViewController.swift; sourceTree = "<group>"; };
		B0177A43219CC6A100E379D5 /* SongRequest.swift */ = {isa = PBXFileReference; lastKnownFileType = sourcecode.swift; path = SongRequest.swift; sourceTree = "<group>"; };
		B0177A46219CCD6800E379D5 /* SongRequestTableViewCell.swift */ = {isa = PBXFileReference; lastKnownFileType = sourcecode.swift; path = SongRequestTableViewCell.swift; sourceTree = "<group>"; };
		B0177A48219CCE3500E379D5 /* SongRequestTableViewCell.xib */ = {isa = PBXFileReference; lastKnownFileType = file.xib; path = SongRequestTableViewCell.xib; sourceTree = "<group>"; };
		B078A90A219B0EE000545EAC /* GildtApp.app */ = {isa = PBXFileReference; explicitFileType = wrapper.application; includeInIndex = 0; path = GildtApp.app; sourceTree = BUILT_PRODUCTS_DIR; };
		B078A90D219B0EE000545EAC /* AppDelegate.swift */ = {isa = PBXFileReference; lastKnownFileType = sourcecode.swift; path = AppDelegate.swift; sourceTree = "<group>"; };
		B078A914219B0EE000545EAC /* Base */ = {isa = PBXFileReference; lastKnownFileType = file.storyboard; name = Base; path = Base.lproj/Main.storyboard; sourceTree = "<group>"; };
		B078A919219B0EE300545EAC /* Base */ = {isa = PBXFileReference; lastKnownFileType = file.storyboard; name = Base; path = Base.lproj/LaunchScreen.storyboard; sourceTree = "<group>"; };
		B078A91B219B0EE300545EAC /* Info.plist */ = {isa = PBXFileReference; lastKnownFileType = text.plist.xml; path = Info.plist; sourceTree = "<group>"; };
		B099D1FF21B0278400DA4473 /* AgendaViewController.swift */ = {isa = PBXFileReference; lastKnownFileType = sourcecode.swift; path = AgendaViewController.swift; sourceTree = "<group>"; };
		B099D20121B029AA00DA4473 /* NavigationViewController.swift */ = {isa = PBXFileReference; lastKnownFileType = sourcecode.swift; path = NavigationViewController.swift; sourceTree = "<group>"; };
		B099D20321B02ED000DA4473 /* MainTabBarController.swift */ = {isa = PBXFileReference; lastKnownFileType = sourcecode.swift; path = MainTabBarController.swift; sourceTree = "<group>"; };
		B099D20921B0442600DA4473 /* NewSong.swift */ = {isa = PBXFileReference; lastKnownFileType = sourcecode.swift; path = NewSong.swift; sourceTree = "<group>"; };
		B0B1125E21C83EA300E4F721 /* ErrorMessage.swift */ = {isa = PBXFileReference; lastKnownFileType = sourcecode.swift; path = ErrorMessage.swift; sourceTree = "<group>"; };
		B0B1126521CE56F400E4F721 /* GenericTableViewController.swift */ = {isa = PBXFileReference; lastKnownFileType = sourcecode.swift; path = GenericTableViewController.swift; sourceTree = "<group>"; };
		B0B1126821CE575000E4F721 /* GenericTableViewCell.swift */ = {isa = PBXFileReference; lastKnownFileType = sourcecode.swift; path = GenericTableViewCell.swift; sourceTree = "<group>"; };
		B0B1126A21CE707D00E4F721 /* GenericCollectionViewController.swift */ = {isa = PBXFileReference; lastKnownFileType = sourcecode.swift; path = GenericCollectionViewController.swift; sourceTree = "<group>"; };
		B0B1126C21CE70C300E4F721 /* GenericCollectionViewCell.swift */ = {isa = PBXFileReference; lastKnownFileType = sourcecode.swift; path = GenericCollectionViewCell.swift; sourceTree = "<group>"; };
		B0B1127521CE804400E4F721 /* GenericViewCell.swift */ = {isa = PBXFileReference; lastKnownFileType = sourcecode.swift; path = GenericViewCell.swift; sourceTree = "<group>"; };
		B0CADB8521AB243C00E6D848 /* RegisterModel.swift */ = {isa = PBXFileReference; lastKnownFileType = sourcecode.swift; path = RegisterModel.swift; sourceTree = "<group>"; };
		B0CADB8721AB254600E6D848 /* LoginPostBack.swift */ = {isa = PBXFileReference; lastKnownFileType = sourcecode.swift; path = LoginPostBack.swift; sourceTree = "<group>"; };
		B0CADB8921AB258C00E6D848 /* LoginModel.swift */ = {isa = PBXFileReference; lastKnownFileType = sourcecode.swift; path = LoginModel.swift; sourceTree = "<group>"; };
		B0CADB8B21AB2AE700E6D848 /* Login.storyboard */ = {isa = PBXFileReference; lastKnownFileType = file.storyboard; path = Login.storyboard; sourceTree = "<group>"; };
		B0CADB8D21AB2EA200E6D848 /* LoginViewController.swift */ = {isa = PBXFileReference; lastKnownFileType = sourcecode.swift; path = LoginViewController.swift; sourceTree = "<group>"; };
		B0CD4DC221BE99440060A28C /* Tag.swift */ = {isa = PBXFileReference; lastKnownFileType = sourcecode.swift; path = Tag.swift; sourceTree = "<group>"; };
		B0CD4DC521BE99620060A28C /* Photo.swift */ = {isa = PBXFileReference; lastKnownFileType = sourcecode.swift; path = Photo.swift; sourceTree = "<group>"; };
		B0CD4DC921BE9F900060A28C /* TagOverviewViewController.swift */ = {isa = PBXFileReference; lastKnownFileType = sourcecode.swift; path = TagOverviewViewController.swift; sourceTree = "<group>"; };
		B0CD4DCC21BEA3120060A28C /* TagCollectionViewCell.xib */ = {isa = PBXFileReference; lastKnownFileType = file.xib; path = TagCollectionViewCell.xib; sourceTree = "<group>"; };
		B0CD4DCE21BEA3200060A28C /* TagCollectionViewCell.swift */ = {isa = PBXFileReference; lastKnownFileType = sourcecode.swift; path = TagCollectionViewCell.swift; sourceTree = "<group>"; };
		B0E84EF721C2709B00EF2C49 /* Image.swift */ = {isa = PBXFileReference; lastKnownFileType = sourcecode.swift; path = Image.swift; sourceTree = "<group>"; };
		B0E84EF921C2AA1700EF2C49 /* TagPhotosViewController.swift */ = {isa = PBXFileReference; lastKnownFileType = sourcecode.swift; path = TagPhotosViewController.swift; sourceTree = "<group>"; };
		B0E84EFC21C2BEAC00EF2C49 /* PreviewImageTableViewCell.swift */ = {isa = PBXFileReference; lastKnownFileType = sourcecode.swift; path = PreviewImageTableViewCell.swift; sourceTree = "<group>"; };
		B0E84EFE21C2BEF300EF2C49 /* PreviewImageTableViewCell.xib */ = {isa = PBXFileReference; lastKnownFileType = file.xib; path = PreviewImageTableViewCell.xib; sourceTree = "<group>"; };
		DF70F66E219EE2C2001D3006 /* Agenda.storyboard */ = {isa = PBXFileReference; fileEncoding = 4; lastKnownFileType = file.storyboard; path = Agenda.storyboard; sourceTree = "<group>"; };
		DF70F670219EE2DB001D3006 /* Deals.storyboard */ = {isa = PBXFileReference; fileEncoding = 4; lastKnownFileType = file.storyboard; path = Deals.storyboard; sourceTree = "<group>"; };
		DF70F672219EE304001D3006 /* Stempelkaart.storyboard */ = {isa = PBXFileReference; fileEncoding = 4; lastKnownFileType = file.storyboard; path = Stempelkaart.storyboard; sourceTree = "<group>"; };
		DF70F674219EE318001D3006 /* Jukebox.storyboard */ = {isa = PBXFileReference; fileEncoding = 4; lastKnownFileType = file.storyboard; path = Jukebox.storyboard; sourceTree = "<group>"; };
		DF70F676219EE337001D3006 /* Photo.storyboard */ = {isa = PBXFileReference; fileEncoding = 4; lastKnownFileType = file.storyboard; path = Photo.storyboard; sourceTree = "<group>"; };
		DF70F67A21A183A7001D3006 /* UIColor.swift */ = {isa = PBXFileReference; lastKnownFileType = sourcecode.swift; path = UIColor.swift; sourceTree = "<group>"; };
		DF70F68021A185FD001D3006 /* DealsViewController.swift */ = {isa = PBXFileReference; lastKnownFileType = sourcecode.swift; path = DealsViewController.swift; sourceTree = "<group>"; };
		DF70F68221A18635001D3006 /* DealsCollectionViewCell.swift */ = {isa = PBXFileReference; lastKnownFileType = sourcecode.swift; path = DealsCollectionViewCell.swift; sourceTree = "<group>"; };
		DF70F69121AF394A001D3006 /* Deal.swift */ = {isa = PBXFileReference; lastKnownFileType = sourcecode.swift; path = Deal.swift; sourceTree = "<group>"; };
		DF772FBC21D948D900EC3EB1 /* GildtApp.entitlements */ = {isa = PBXFileReference; lastKnownFileType = text.plist.entitlements; path = GildtApp.entitlements; sourceTree = "<group>"; };
		DF772FBD21DA5F4600EC3EB1 /* StatusAlertService.swift */ = {isa = PBXFileReference; lastKnownFileType = sourcecode.swift; path = StatusAlertService.swift; sourceTree = "<group>"; };
		DF772FC121DA6E5800EC3EB1 /* UIView.swift */ = {isa = PBXFileReference; lastKnownFileType = sourcecode.swift; path = UIView.swift; sourceTree = "<group>"; };
		DF9D57B021B085BE003A97FB /* AgendaTableViewCell.xib */ = {isa = PBXFileReference; lastKnownFileType = file.xib; path = AgendaTableViewCell.xib; sourceTree = "<group>"; };
		DF9D57B221B08615003A97FB /* AgendaTableViewCell.swift */ = {isa = PBXFileReference; lastKnownFileType = sourcecode.swift; path = AgendaTableViewCell.swift; sourceTree = "<group>"; };
		DF9D57B621B09A8C003A97FB /* Event.swift */ = {isa = PBXFileReference; lastKnownFileType = sourcecode.swift; path = Event.swift; sourceTree = "<group>"; };
		DF9D57B821B0A52D003A97FB /* String.swift */ = {isa = PBXFileReference; lastKnownFileType = sourcecode.swift; path = String.swift; sourceTree = "<group>"; };
		DF9D57BD21B1D732003A97FB /* EventViewController.swift */ = {isa = PBXFileReference; lastKnownFileType = sourcecode.swift; path = EventViewController.swift; sourceTree = "<group>"; };
		DFB7981A21E13A980011425C /* Profile.storyboard */ = {isa = PBXFileReference; lastKnownFileType = file.storyboard; path = Profile.storyboard; sourceTree = "<group>"; };
		DFB7981D21E13F7E0011425C /* ProfileViewController.swift */ = {isa = PBXFileReference; lastKnownFileType = sourcecode.swift; path = ProfileViewController.swift; sourceTree = "<group>"; };
		DFB7981F21E158A30011425C /* UIButtonExtended.swift */ = {isa = PBXFileReference; lastKnownFileType = sourcecode.swift; path = UIButtonExtended.swift; sourceTree = "<group>"; };
		DFB7982121E355DA0011425C /* UILabelTopAlign.swift */ = {isa = PBXFileReference; lastKnownFileType = sourcecode.swift; path = UILabelTopAlign.swift; sourceTree = "<group>"; };
		DFD460DD21C0493100F90B52 /* StempelkaartViewController.swift */ = {isa = PBXFileReference; lastKnownFileType = sourcecode.swift; path = StempelkaartViewController.swift; sourceTree = "<group>"; };
		DFD460E021C0559400F90B52 /* StampCollectionViewCell.swift */ = {isa = PBXFileReference; lastKnownFileType = sourcecode.swift; path = StampCollectionViewCell.swift; sourceTree = "<group>"; };
		DFD460E421C05AD900F90B52 /* Stamp.swift */ = {isa = PBXFileReference; lastKnownFileType = sourcecode.swift; path = Stamp.swift; sourceTree = "<group>"; };
/* End PBXFileReference section */

/* Begin PBXFrameworksBuildPhase section */
		B078A907219B0EE000545EAC /* Frameworks */ = {
			isa = PBXFrameworksBuildPhase;
			buildActionMask = 2147483647;
			files = (
				348921BC5C45455992621375 /* Pods_GildtApp.framework in Frameworks */,
			);
			runOnlyForDeploymentPostprocessing = 0;
		};
/* End PBXFrameworksBuildPhase section */

/* Begin PBXGroup section */
		31E327F8F5D21CA5C28B2C22 /* Frameworks */ = {
			isa = PBXGroup;
			children = (
				851FFD7A69B2CD05610C3A5C /* Pods_GildtApp.framework */,
			);
			name = Frameworks;
			sourceTree = "<group>";
		};
		AACEAF5C890BC292E12073A4 /* Pods */ = {
			isa = PBXGroup;
			children = (
				010AC7F5A521E5C8F7C74994 /* Pods-GildtApp.debug.xcconfig */,
				AC61AC83AADC724FF2441FBC /* Pods-GildtApp.release.xcconfig */,
			);
			name = Pods;
			sourceTree = "<group>";
		};
		B0177A34219B89B700E379D5 /* Controllers */ = {
			isa = PBXGroup;
			children = (
				DFB7981C21E13F630011425C /* Profile */,
				B0CD4DD021BEB8040060A28C /* Agenda */,
				B0B1126221CE56A400E4F721 /* Deals */,
				B099D20521B02F9900DA4473 /* Hierarchy */,
				B0B1126421CE56AE00E4F721 /* Jukebox */,
				B0B1126321CE56A900E4F721 /* Login */,
				B0CD4DC821BE9F120060A28C /* Photos */,
				DFD460DC21C048E300F90B52 /* Stempelkaart */,
			);
			path = Controllers;
			sourceTree = "<group>";
		};
		B0177A35219B89D400E379D5 /* Views */ = {
			isa = PBXGroup;
			children = (
				DF70F66E219EE2C2001D3006 /* Agenda.storyboard */,
				DF70F670219EE2DB001D3006 /* Deals.storyboard */,
				DF70F674219EE318001D3006 /* Jukebox.storyboard */,
				B078A918219B0EE300545EAC /* LaunchScreen.storyboard */,
				B0CADB8B21AB2AE700E6D848 /* Login.storyboard */,
				B078A913219B0EE000545EAC /* Main.storyboard */,
				B0177A39219B8F1C00E379D5 /* OnBoarding.storyboard */,
				DF70F676219EE337001D3006 /* Photo.storyboard */,
				DFB7981A21E13A980011425C /* Profile.storyboard */,
				DF70F672219EE304001D3006 /* Stempelkaart.storyboard */,
				B0CD4DC721BE9A810060A28C /* ViewCells */,
			);
			path = Views;
			sourceTree = "<group>";
		};
		B0177A36219B89E400E379D5 /* Services */ = {
			isa = PBXGroup;
			children = (
				B0177A3D219B9C4B00E379D5 /* BackendAPIService.swift */,
				B0177A3F219B9C8100E379D5 /* LocalStorageService.swift */,
				DF772FBD21DA5F4600EC3EB1 /* StatusAlertService.swift */,
			);
			path = Services;
			sourceTree = "<group>";
		};
		B0177A37219B89E900E379D5 /* Models */ = {
			isa = PBXGroup;
			children = (
				DF70F69121AF394A001D3006 /* Deal.swift */,
				DF9D57B621B09A8C003A97FB /* Event.swift */,
				DFD460E421C05AD900F90B52 /* Stamp.swift */,
				B0CD4DC421BE99530060A28C /* Photo's */,
				B099D20821B0440A00DA4473 /* Song */,
				B0CADB8421AB242F00E6D848 /* User */,
			);
			path = Models;
			sourceTree = "<group>";
		};
		B0177A45219CCD2D00E379D5 /* SongRequestTableViewCell */ = {
			isa = PBXGroup;
			children = (
				B0177A46219CCD6800E379D5 /* SongRequestTableViewCell.swift */,
				B0177A48219CCE3500E379D5 /* SongRequestTableViewCell.xib */,
			);
			path = SongRequestTableViewCell;
			sourceTree = "<group>";
		};
		B078A901219B0EE000545EAC = {
			isa = PBXGroup;
			children = (
				31E327F8F5D21CA5C28B2C22 /* Frameworks */,
				B078A90C219B0EE000545EAC /* GildtApp */,
				AACEAF5C890BC292E12073A4 /* Pods */,
				B078A90B219B0EE000545EAC /* Products */,
			);
			sourceTree = "<group>";
		};
		B078A90B219B0EE000545EAC /* Products */ = {
			isa = PBXGroup;
			children = (
				B078A90A219B0EE000545EAC /* GildtApp.app */,
			);
			name = Products;
			sourceTree = "<group>";
		};
		B078A90C219B0EE000545EAC /* GildtApp */ = {
			isa = PBXGroup;
			children = (
				DF772FBC21D948D900EC3EB1 /* GildtApp.entitlements */,
				B078A90D219B0EE000545EAC /* AppDelegate.swift */,
				B00563B8219DC34E00B9F635 /* Assets.xcassets */,
				B0177A34219B89B700E379D5 /* Controllers */,
				DF70F67921A1837E001D3006 /* Extensions */,
				B078A91B219B0EE300545EAC /* Info.plist */,
				B0177A37219B89E900E379D5 /* Models */,
				B0177A36219B89E400E379D5 /* Services */,
				B0177A35219B89D400E379D5 /* Views */,
			);
			path = GildtApp;
			sourceTree = "<group>";
		};
		B099D20521B02F9900DA4473 /* Hierarchy */ = {
			isa = PBXGroup;
			children = (
				B0B1126A21CE707D00E4F721 /* GenericCollectionViewController.swift */,
				B0B1126521CE56F400E4F721 /* GenericTableViewController.swift */,
				B099D20321B02ED000DA4473 /* MainTabBarController.swift */,
				B099D20121B029AA00DA4473 /* NavigationViewController.swift */,
			);
			path = Hierarchy;
			sourceTree = "<group>";
		};
		B099D20821B0440A00DA4473 /* Song */ = {
			isa = PBXGroup;
			children = (
				B099D20921B0442600DA4473 /* NewSong.swift */,
				B0177A43219CC6A100E379D5 /* SongRequest.swift */,
			);
			path = Song;
			sourceTree = "<group>";
		};
		B0B1126221CE56A400E4F721 /* Deals */ = {
			isa = PBXGroup;
			children = (
				DF70F68021A185FD001D3006 /* DealsViewController.swift */,
			);
			path = Deals;
			sourceTree = "<group>";
		};
		B0B1126321CE56A900E4F721 /* Login */ = {
			isa = PBXGroup;
			children = (
				B0CADB8D21AB2EA200E6D848 /* LoginViewController.swift */,
			);
			path = Login;
			sourceTree = "<group>";
		};
		B0B1126421CE56AE00E4F721 /* Jukebox */ = {
			isa = PBXGroup;
			children = (
				B0177A41219C64E500E379D5 /* JukeboxViewController.swift */,
			);
			path = Jukebox;
			sourceTree = "<group>";
		};
		B0B1126721CE574200E4F721 /* Hierarchy */ = {
			isa = PBXGroup;
			children = (
				B0B1126C21CE70C300E4F721 /* GenericCollectionViewCell.swift */,
				B0B1126821CE575000E4F721 /* GenericTableViewCell.swift */,
				B0B1127521CE804400E4F721 /* GenericViewCell.swift */,
			);
			path = Hierarchy;
			sourceTree = "<group>";
		};
		B0CADB8421AB242F00E6D848 /* User */ = {
			isa = PBXGroup;
			children = (
				B0B1125E21C83EA300E4F721 /* ErrorMessage.swift */,
				B0CADB8921AB258C00E6D848 /* LoginModel.swift */,
				B0CADB8721AB254600E6D848 /* LoginPostBack.swift */,
				B0CADB8521AB243C00E6D848 /* RegisterModel.swift */,
			);
			path = User;
			sourceTree = "<group>";
		};
		B0CD4DC421BE99530060A28C /* Photo's */ = {
			isa = PBXGroup;
			children = (
				B0E84EF721C2709B00EF2C49 /* Image.swift */,
				B0CD4DC521BE99620060A28C /* Photo.swift */,
				B0CD4DC221BE99440060A28C /* Tag.swift */,
			);
			path = "Photo's";
			sourceTree = "<group>";
		};
		B0CD4DC721BE9A810060A28C /* ViewCells */ = {
			isa = PBXGroup;
			children = (
				B0B1126721CE574200E4F721 /* Hierarchy */,
				DF9D57AF21B08591003A97FB /* AgendaTableViewCell */,
				DF70F67F21A18516001D3006 /* DealsCollectionViewCell */,
				B0E84EFB21C2BE8A00EF2C49 /* PreviewImageTableViewCell */,
				B0177A45219CCD2D00E379D5 /* SongRequestTableViewCell */,
				DFD460DF21C0557C00F90B52 /* StampCollectionViewCell */,
				B0CD4DCB21BEA2E70060A28C /* TagCollectionViewCell */,
			);
			path = ViewCells;
			sourceTree = "<group>";
		};
		B0CD4DC821BE9F120060A28C /* Photos */ = {
			isa = PBXGroup;
			children = (
				B0CD4DC921BE9F900060A28C /* TagOverviewViewController.swift */,
				B0E84EF921C2AA1700EF2C49 /* TagPhotosViewController.swift */,
			);
			path = Photos;
			sourceTree = "<group>";
		};
		B0CD4DCB21BEA2E70060A28C /* TagCollectionViewCell */ = {
			isa = PBXGroup;
			children = (
				B0CD4DCE21BEA3200060A28C /* TagCollectionViewCell.swift */,
				B0CD4DCC21BEA3120060A28C /* TagCollectionViewCell.xib */,
			);
			path = TagCollectionViewCell;
			sourceTree = "<group>";
		};
		B0CD4DD021BEB8040060A28C /* Agenda */ = {
			isa = PBXGroup;
			children = (
				B099D1FF21B0278400DA4473 /* AgendaViewController.swift */,
				DF9D57BD21B1D732003A97FB /* EventViewController.swift */,
			);
			path = Agenda;
			sourceTree = "<group>";
		};
		B0E84EFB21C2BE8A00EF2C49 /* PreviewImageTableViewCell */ = {
			isa = PBXGroup;
			children = (
				B0E84EFC21C2BEAC00EF2C49 /* PreviewImageTableViewCell.swift */,
				B0E84EFE21C2BEF300EF2C49 /* PreviewImageTableViewCell.xib */,
			);
			path = PreviewImageTableViewCell;
			sourceTree = "<group>";
		};
		DF70F67921A1837E001D3006 /* Extensions */ = {
			isa = PBXGroup;
			children = (
				DF9D57B821B0A52D003A97FB /* String.swift */,
				DF70F67A21A183A7001D3006 /* UIColor.swift */,
				DF772FC121DA6E5800EC3EB1 /* UIView.swift */,
				DFB7981F21E158A30011425C /* UIButtonExtended.swift */,
				DFB7982121E355DA0011425C /* UILabelTopAlign.swift */,
			);
			path = Extensions;
			sourceTree = "<group>";
		};
		DF70F67F21A18516001D3006 /* DealsCollectionViewCell */ = {
			isa = PBXGroup;
			children = (
				DF70F68221A18635001D3006 /* DealsCollectionViewCell.swift */,
			);
			path = DealsCollectionViewCell;
			sourceTree = "<group>";
		};
		DF9D57AF21B08591003A97FB /* AgendaTableViewCell */ = {
			isa = PBXGroup;
			children = (
				DF9D57B221B08615003A97FB /* AgendaTableViewCell.swift */,
				DF9D57B021B085BE003A97FB /* AgendaTableViewCell.xib */,
			);
			path = AgendaTableViewCell;
			sourceTree = "<group>";
		};
		DFB7981C21E13F630011425C /* Profile */ = {
			isa = PBXGroup;
			children = (
				DFB7981D21E13F7E0011425C /* ProfileViewController.swift */,
			);
			path = Profile;
			sourceTree = "<group>";
		};
		DFD460DC21C048E300F90B52 /* Stempelkaart */ = {
			isa = PBXGroup;
			children = (
				DFD460DD21C0493100F90B52 /* StempelkaartViewController.swift */,
			);
			path = Stempelkaart;
			sourceTree = "<group>";
		};
		DFD460DF21C0557C00F90B52 /* StampCollectionViewCell */ = {
			isa = PBXGroup;
			children = (
				DFD460E021C0559400F90B52 /* StampCollectionViewCell.swift */,
			);
			path = StampCollectionViewCell;
			sourceTree = "<group>";
		};
/* End PBXGroup section */

/* Begin PBXNativeTarget section */
		B078A909219B0EE000545EAC /* GildtApp */ = {
			isa = PBXNativeTarget;
			buildConfigurationList = B078A91E219B0EE300545EAC /* Build configuration list for PBXNativeTarget "GildtApp" */;
			buildPhases = (
				39A334292496634C3481A5EF /* [CP] Check Pods Manifest.lock */,
				B078A906219B0EE000545EAC /* Sources */,
				B078A907219B0EE000545EAC /* Frameworks */,
				B078A908219B0EE000545EAC /* Resources */,
				B835E010DB4F716737B46076 /* [CP] Embed Pods Frameworks */,
			);
			buildRules = (
			);
			dependencies = (
			);
			name = GildtApp;
			productName = GildtApp;
			productReference = B078A90A219B0EE000545EAC /* GildtApp.app */;
			productType = "com.apple.product-type.application";
		};
/* End PBXNativeTarget section */

/* Begin PBXProject section */
		B078A902219B0EE000545EAC /* Project object */ = {
			isa = PBXProject;
			attributes = {
				LastSwiftUpdateCheck = 1010;
				LastUpgradeCheck = 1010;
				ORGANIZATIONNAME = Gildt;
				TargetAttributes = {
					B078A909219B0EE000545EAC = {
						CreatedOnToolsVersion = 10.1;
						SystemCapabilities = {
							com.apple.Push = {
								enabled = 0;
							};
						};
					};
				};
			};
			buildConfigurationList = B078A905219B0EE000545EAC /* Build configuration list for PBXProject "GildtApp" */;
			compatibilityVersion = "Xcode 9.3";
			developmentRegion = en;
			hasScannedForEncodings = 0;
			knownRegions = (
				en,
				Base,
			);
			mainGroup = B078A901219B0EE000545EAC;
			productRefGroup = B078A90B219B0EE000545EAC /* Products */;
			projectDirPath = "";
			projectRoot = "";
			targets = (
				B078A909219B0EE000545EAC /* GildtApp */,
			);
		};
/* End PBXProject section */

/* Begin PBXResourcesBuildPhase section */
		B078A908219B0EE000545EAC /* Resources */ = {
			isa = PBXResourcesBuildPhase;
			buildActionMask = 2147483647;
			files = (
				DF70F66F219EE2C2001D3006 /* Agenda.storyboard in Resources */,
				DF70F671219EE2DB001D3006 /* Deals.storyboard in Resources */,
				DF70F675219EE318001D3006 /* Jukebox.storyboard in Resources */,
				B0CD4DCD21BEA3120060A28C /* TagCollectionViewCell.xib in Resources */,
				B0E84EFF21C2BEF300EF2C49 /* PreviewImageTableViewCell.xib in Resources */,
				B078A91A219B0EE300545EAC /* LaunchScreen.storyboard in Resources */,
				DF70F673219EE304001D3006 /* Stempelkaart.storyboard in Resources */,
				B078A915219B0EE000545EAC /* Main.storyboard in Resources */,
				B0177A3A219B8F1C00E379D5 /* OnBoarding.storyboard in Resources */,
				B0177A49219CCE3500E379D5 /* SongRequestTableViewCell.xib in Resources */,
				DF70F677219EE337001D3006 /* Photo.storyboard in Resources */,
				B00563B9219DC34E00B9F635 /* Assets.xcassets in Resources */,
				DFB7981B21E13A980011425C /* Profile.storyboard in Resources */,
				B0CADB8C21AB2AE700E6D848 /* Login.storyboard in Resources */,
				DF9D57B121B085BE003A97FB /* AgendaTableViewCell.xib in Resources */,
			);
			runOnlyForDeploymentPostprocessing = 0;
		};
/* End PBXResourcesBuildPhase section */

/* Begin PBXShellScriptBuildPhase section */
		39A334292496634C3481A5EF /* [CP] Check Pods Manifest.lock */ = {
			isa = PBXShellScriptBuildPhase;
			buildActionMask = 2147483647;
			files = (
			);
			inputFileListPaths = (
			);
			inputPaths = (
				"${PODS_PODFILE_DIR_PATH}/Podfile.lock",
				"${PODS_ROOT}/Manifest.lock",
			);
			name = "[CP] Check Pods Manifest.lock";
			outputFileListPaths = (
			);
			outputPaths = (
				"$(DERIVED_FILE_DIR)/Pods-GildtApp-checkManifestLockResult.txt",
			);
			runOnlyForDeploymentPostprocessing = 0;
			shellPath = /bin/sh;
			shellScript = "diff \"${PODS_PODFILE_DIR_PATH}/Podfile.lock\" \"${PODS_ROOT}/Manifest.lock\" > /dev/null\nif [ $? != 0 ] ; then\n    # print error to STDERR\n    echo \"error: The sandbox is not in sync with the Podfile.lock. Run 'pod install' or update your CocoaPods installation.\" >&2\n    exit 1\nfi\n# This output is used by Xcode 'outputs' to avoid re-running this script phase.\necho \"SUCCESS\" > \"${SCRIPT_OUTPUT_FILE_0}\"\n";
			showEnvVarsInLog = 0;
		};
		B835E010DB4F716737B46076 /* [CP] Embed Pods Frameworks */ = {
			isa = PBXShellScriptBuildPhase;
			buildActionMask = 2147483647;
			files = (
			);
			inputFileListPaths = (
			);
			inputPaths = (
				"${SRCROOT}/Pods/Target Support Files/Pods-GildtApp/Pods-GildtApp-frameworks.sh",
				"${BUILT_PRODUCTS_DIR}/Alamofire/Alamofire.framework",
				"${BUILT_PRODUCTS_DIR}/CenteredCollectionView/CenteredCollectionView.framework",
				"${BUILT_PRODUCTS_DIR}/Kingfisher/Kingfisher.framework",
				"${BUILT_PRODUCTS_DIR}/QRCodeReader.swift/QRCodeReader.framework",
				"${BUILT_PRODUCTS_DIR}/SKPhotoBrowser/SKPhotoBrowser.framework",
				"${BUILT_PRODUCTS_DIR}/StatusAlert/StatusAlert.framework",
				"${BUILT_PRODUCTS_DIR}/SwiftKeychainWrapper/SwiftKeychainWrapper.framework",
				"${BUILT_PRODUCTS_DIR}/SwiftLocation/SwiftLocation.framework",
				"${BUILT_PRODUCTS_DIR}/SwiftyJSON/SwiftyJSON.framework",
			);
			name = "[CP] Embed Pods Frameworks";
			outputFileListPaths = (
			);
			outputPaths = (
				"${TARGET_BUILD_DIR}/${FRAMEWORKS_FOLDER_PATH}/Alamofire.framework",
				"${TARGET_BUILD_DIR}/${FRAMEWORKS_FOLDER_PATH}/CenteredCollectionView.framework",
				"${TARGET_BUILD_DIR}/${FRAMEWORKS_FOLDER_PATH}/Kingfisher.framework",
				"${TARGET_BUILD_DIR}/${FRAMEWORKS_FOLDER_PATH}/QRCodeReader.framework",
				"${TARGET_BUILD_DIR}/${FRAMEWORKS_FOLDER_PATH}/SKPhotoBrowser.framework",
				"${TARGET_BUILD_DIR}/${FRAMEWORKS_FOLDER_PATH}/StatusAlert.framework",
				"${TARGET_BUILD_DIR}/${FRAMEWORKS_FOLDER_PATH}/SwiftKeychainWrapper.framework",
				"${TARGET_BUILD_DIR}/${FRAMEWORKS_FOLDER_PATH}/SwiftLocation.framework",
				"${TARGET_BUILD_DIR}/${FRAMEWORKS_FOLDER_PATH}/SwiftyJSON.framework",
			);
			runOnlyForDeploymentPostprocessing = 0;
			shellPath = /bin/sh;
			shellScript = "\"${SRCROOT}/Pods/Target Support Files/Pods-GildtApp/Pods-GildtApp-frameworks.sh\"\n";
			showEnvVarsInLog = 0;
		};
/* End PBXShellScriptBuildPhase section */

/* Begin PBXSourcesBuildPhase section */
		B078A906219B0EE000545EAC /* Sources */ = {
			isa = PBXSourcesBuildPhase;
			buildActionMask = 2147483647;
			files = (
				B0B1126B21CE707D00E4F721 /* GenericCollectionViewController.swift in Sources */,
				B0E84EFA21C2AA1700EF2C49 /* TagPhotosViewController.swift in Sources */,
				B0177A47219CCD6800E379D5 /* SongRequestTableViewCell.swift in Sources */,
				B0E84EF821C2709B00EF2C49 /* Image.swift in Sources */,
				B0CADB8A21AB258C00E6D848 /* LoginModel.swift in Sources */,
				B0B1126D21CE70C300E4F721 /* GenericCollectionViewCell.swift in Sources */,
				DF70F68321A18635001D3006 /* DealsCollectionViewCell.swift in Sources */,
				DF70F69221AF394A001D3006 /* Deal.swift in Sources */,
				DFD460E521C05AD900F90B52 /* Stamp.swift in Sources */,
				DF9D57BE21B1D732003A97FB /* EventViewController.swift in Sources */,
				DF70F68121A185FD001D3006 /* DealsViewController.swift in Sources */,
				DFB7982021E158A30011425C /* UIButtonExtended.swift in Sources */,
				DF772FC221DA6E5800EC3EB1 /* UIView.swift in Sources */,
				B0B1126921CE575000E4F721 /* GenericTableViewCell.swift in Sources */,
				DF70F67B21A183A7001D3006 /* UIColor.swift in Sources */,
				B0CD4DC621BE99620060A28C /* Photo.swift in Sources */,
				B099D20221B029AA00DA4473 /* NavigationViewController.swift in Sources */,
				B0CD4DCF21BEA3200060A28C /* TagCollectionViewCell.swift in Sources */,
				B078A90E219B0EE000545EAC /* AppDelegate.swift in Sources */,
				B0177A42219C64E500E379D5 /* JukeboxViewController.swift in Sources */,
				DFD460DE21C0493100F90B52 /* StempelkaartViewController.swift in Sources */,
				B0CADB8621AB243C00E6D848 /* RegisterModel.swift in Sources */,
				B099D20421B02ED000DA4473 /* MainTabBarController.swift in Sources */,
				DF9D57B921B0A52D003A97FB /* String.swift in Sources */,
				B0177A44219CC6A100E379D5 /* SongRequest.swift in Sources */,
				DF772FBE21DA5F4600EC3EB1 /* StatusAlertService.swift in Sources */,
				DFB7982221E355DA0011425C /* UILabelTopAlign.swift in Sources */,
				B0B1125F21C83EA300E4F721 /* ErrorMessage.swift in Sources */,
				B0E84EFD21C2BEAC00EF2C49 /* PreviewImageTableViewCell.swift in Sources */,
				B0CD4DCA21BE9F900060A28C /* TagOverviewViewController.swift in Sources */,
				B099D20A21B0442600DA4473 /* NewSong.swift in Sources */,
				B0177A40219B9C8100E379D5 /* LocalStorageService.swift in Sources */,
				DFD460E121C0559400F90B52 /* StampCollectionViewCell.swift in Sources */,
				DF9D57B321B08615003A97FB /* AgendaTableViewCell.swift in Sources */,
				B0B1127621CE804400E4F721 /* GenericViewCell.swift in Sources */,
				B0177A3E219B9C4B00E379D5 /* BackendAPIService.swift in Sources */,
				B0CADB8E21AB2EA200E6D848 /* LoginViewController.swift in Sources */,
				B099D20021B0278400DA4473 /* AgendaViewController.swift in Sources */,
				DFB7981E21E13F7E0011425C /* ProfileViewController.swift in Sources */,
				B0CD4DC321BE99440060A28C /* Tag.swift in Sources */,
				DF9D57B721B09A8C003A97FB /* Event.swift in Sources */,
				B0B1126621CE56F400E4F721 /* GenericTableViewController.swift in Sources */,
				B0CADB8821AB254600E6D848 /* LoginPostBack.swift in Sources */,
			);
			runOnlyForDeploymentPostprocessing = 0;
		};
/* End PBXSourcesBuildPhase section */

/* Begin PBXVariantGroup section */
		B078A913219B0EE000545EAC /* Main.storyboard */ = {
			isa = PBXVariantGroup;
			children = (
				B078A914219B0EE000545EAC /* Base */,
			);
			name = Main.storyboard;
			sourceTree = "<group>";
		};
		B078A918219B0EE300545EAC /* LaunchScreen.storyboard */ = {
			isa = PBXVariantGroup;
			children = (
				B078A919219B0EE300545EAC /* Base */,
			);
			name = LaunchScreen.storyboard;
			sourceTree = "<group>";
		};
/* End PBXVariantGroup section */

/* Begin XCBuildConfiguration section */
		B078A91C219B0EE300545EAC /* Debug */ = {
			isa = XCBuildConfiguration;
			buildSettings = {
				ALWAYS_SEARCH_USER_PATHS = NO;
				CLANG_ANALYZER_NONNULL = YES;
				CLANG_ANALYZER_NUMBER_OBJECT_CONVERSION = YES_AGGRESSIVE;
				CLANG_CXX_LANGUAGE_STANDARD = "gnu++14";
				CLANG_CXX_LIBRARY = "libc++";
				CLANG_ENABLE_MODULES = YES;
				CLANG_ENABLE_OBJC_ARC = YES;
				CLANG_ENABLE_OBJC_WEAK = YES;
				CLANG_WARN_BLOCK_CAPTURE_AUTORELEASING = YES;
				CLANG_WARN_BOOL_CONVERSION = YES;
				CLANG_WARN_COMMA = YES;
				CLANG_WARN_CONSTANT_CONVERSION = YES;
				CLANG_WARN_DEPRECATED_OBJC_IMPLEMENTATIONS = YES;
				CLANG_WARN_DIRECT_OBJC_ISA_USAGE = YES_ERROR;
				CLANG_WARN_DOCUMENTATION_COMMENTS = YES;
				CLANG_WARN_EMPTY_BODY = YES;
				CLANG_WARN_ENUM_CONVERSION = YES;
				CLANG_WARN_INFINITE_RECURSION = YES;
				CLANG_WARN_INT_CONVERSION = YES;
				CLANG_WARN_NON_LITERAL_NULL_CONVERSION = YES;
				CLANG_WARN_OBJC_IMPLICIT_RETAIN_SELF = YES;
				CLANG_WARN_OBJC_LITERAL_CONVERSION = YES;
				CLANG_WARN_OBJC_ROOT_CLASS = YES_ERROR;
				CLANG_WARN_RANGE_LOOP_ANALYSIS = YES;
				CLANG_WARN_STRICT_PROTOTYPES = YES;
				CLANG_WARN_SUSPICIOUS_MOVE = YES;
				CLANG_WARN_UNGUARDED_AVAILABILITY = YES_AGGRESSIVE;
				CLANG_WARN_UNREACHABLE_CODE = YES;
				CLANG_WARN__DUPLICATE_METHOD_MATCH = YES;
				CODE_SIGN_IDENTITY = "iPhone Developer";
				COPY_PHASE_STRIP = NO;
				DEBUG_INFORMATION_FORMAT = dwarf;
				ENABLE_STRICT_OBJC_MSGSEND = YES;
				ENABLE_TESTABILITY = YES;
				GCC_C_LANGUAGE_STANDARD = gnu11;
				GCC_DYNAMIC_NO_PIC = NO;
				GCC_NO_COMMON_BLOCKS = YES;
				GCC_OPTIMIZATION_LEVEL = 0;
				GCC_PREPROCESSOR_DEFINITIONS = (
					"DEBUG=1",
					"$(inherited)",
				);
				GCC_WARN_64_TO_32_BIT_CONVERSION = YES;
				GCC_WARN_ABOUT_RETURN_TYPE = YES_ERROR;
				GCC_WARN_UNDECLARED_SELECTOR = YES;
				GCC_WARN_UNINITIALIZED_AUTOS = YES_AGGRESSIVE;
				GCC_WARN_UNUSED_FUNCTION = YES;
				GCC_WARN_UNUSED_VARIABLE = YES;
				IPHONEOS_DEPLOYMENT_TARGET = 12.1;
				MTL_ENABLE_DEBUG_INFO = INCLUDE_SOURCE;
				MTL_FAST_MATH = YES;
				ONLY_ACTIVE_ARCH = YES;
				SDKROOT = iphoneos;
				SWIFT_ACTIVE_COMPILATION_CONDITIONS = DEBUG;
				SWIFT_OPTIMIZATION_LEVEL = "-Onone";
			};
			name = Debug;
		};
		B078A91D219B0EE300545EAC /* Release */ = {
			isa = XCBuildConfiguration;
			buildSettings = {
				ALWAYS_SEARCH_USER_PATHS = NO;
				CLANG_ANALYZER_NONNULL = YES;
				CLANG_ANALYZER_NUMBER_OBJECT_CONVERSION = YES_AGGRESSIVE;
				CLANG_CXX_LANGUAGE_STANDARD = "gnu++14";
				CLANG_CXX_LIBRARY = "libc++";
				CLANG_ENABLE_MODULES = YES;
				CLANG_ENABLE_OBJC_ARC = YES;
				CLANG_ENABLE_OBJC_WEAK = YES;
				CLANG_WARN_BLOCK_CAPTURE_AUTORELEASING = YES;
				CLANG_WARN_BOOL_CONVERSION = YES;
				CLANG_WARN_COMMA = YES;
				CLANG_WARN_CONSTANT_CONVERSION = YES;
				CLANG_WARN_DEPRECATED_OBJC_IMPLEMENTATIONS = YES;
				CLANG_WARN_DIRECT_OBJC_ISA_USAGE = YES_ERROR;
				CLANG_WARN_DOCUMENTATION_COMMENTS = YES;
				CLANG_WARN_EMPTY_BODY = YES;
				CLANG_WARN_ENUM_CONVERSION = YES;
				CLANG_WARN_INFINITE_RECURSION = YES;
				CLANG_WARN_INT_CONVERSION = YES;
				CLANG_WARN_NON_LITERAL_NULL_CONVERSION = YES;
				CLANG_WARN_OBJC_IMPLICIT_RETAIN_SELF = YES;
				CLANG_WARN_OBJC_LITERAL_CONVERSION = YES;
				CLANG_WARN_OBJC_ROOT_CLASS = YES_ERROR;
				CLANG_WARN_RANGE_LOOP_ANALYSIS = YES;
				CLANG_WARN_STRICT_PROTOTYPES = YES;
				CLANG_WARN_SUSPICIOUS_MOVE = YES;
				CLANG_WARN_UNGUARDED_AVAILABILITY = YES_AGGRESSIVE;
				CLANG_WARN_UNREACHABLE_CODE = YES;
				CLANG_WARN__DUPLICATE_METHOD_MATCH = YES;
				CODE_SIGN_IDENTITY = "iPhone Developer";
				COPY_PHASE_STRIP = NO;
				DEBUG_INFORMATION_FORMAT = "dwarf-with-dsym";
				ENABLE_NS_ASSERTIONS = NO;
				ENABLE_STRICT_OBJC_MSGSEND = YES;
				GCC_C_LANGUAGE_STANDARD = gnu11;
				GCC_NO_COMMON_BLOCKS = YES;
				GCC_WARN_64_TO_32_BIT_CONVERSION = YES;
				GCC_WARN_ABOUT_RETURN_TYPE = YES_ERROR;
				GCC_WARN_UNDECLARED_SELECTOR = YES;
				GCC_WARN_UNINITIALIZED_AUTOS = YES_AGGRESSIVE;
				GCC_WARN_UNUSED_FUNCTION = YES;
				GCC_WARN_UNUSED_VARIABLE = YES;
				IPHONEOS_DEPLOYMENT_TARGET = 12.1;
				MTL_ENABLE_DEBUG_INFO = NO;
				MTL_FAST_MATH = YES;
				SDKROOT = iphoneos;
				SWIFT_COMPILATION_MODE = wholemodule;
				SWIFT_OPTIMIZATION_LEVEL = "-O";
				VALIDATE_PRODUCT = YES;
			};
			name = Release;
		};
		B078A91F219B0EE300545EAC /* Debug */ = {
			isa = XCBuildConfiguration;
			baseConfigurationReference = 010AC7F5A521E5C8F7C74994 /* Pods-GildtApp.debug.xcconfig */;
			buildSettings = {
				ASSETCATALOG_COMPILER_APPICON_NAME = AppIcon;
				CODE_SIGN_IDENTITY = "iPhone Developer";
				CODE_SIGN_STYLE = Automatic;
				DEVELOPMENT_TEAM = XT9TUGW438;
				INFOPLIST_FILE = GildtApp/Info.plist;
				IPHONEOS_DEPLOYMENT_TARGET = 11.0;
				LD_RUNPATH_SEARCH_PATHS = (
					"$(inherited)",
					"@executable_path/Frameworks",
				);
				PRODUCT_BUNDLE_IDENTIFIER = nl.Gildt.iOSGildt;
				PRODUCT_NAME = "$(TARGET_NAME)";
				PROVISIONING_PROFILE_SPECIFIER = "";
				SWIFT_VERSION = 4.2;
				TARGETED_DEVICE_FAMILY = "1,2";
			};
			name = Debug;
		};
		B078A920219B0EE300545EAC /* Release */ = {
			isa = XCBuildConfiguration;
			baseConfigurationReference = AC61AC83AADC724FF2441FBC /* Pods-GildtApp.release.xcconfig */;
			buildSettings = {
				ASSETCATALOG_COMPILER_APPICON_NAME = AppIcon;
				CODE_SIGN_IDENTITY = "iPhone Developer";
				CODE_SIGN_STYLE = Automatic;
				DEVELOPMENT_TEAM = XT9TUGW438;
				INFOPLIST_FILE = GildtApp/Info.plist;
				IPHONEOS_DEPLOYMENT_TARGET = 11.0;
				LD_RUNPATH_SEARCH_PATHS = (
					"$(inherited)",
					"@executable_path/Frameworks",
				);
				PRODUCT_BUNDLE_IDENTIFIER = nl.Gildt.iOSGildt;
				PRODUCT_NAME = "$(TARGET_NAME)";
				PROVISIONING_PROFILE_SPECIFIER = "";
				SWIFT_VERSION = 4.2;
				TARGETED_DEVICE_FAMILY = "1,2";
			};
			name = Release;
		};
/* End XCBuildConfiguration section */

/* Begin XCConfigurationList section */
		B078A905219B0EE000545EAC /* Build configuration list for PBXProject "GildtApp" */ = {
			isa = XCConfigurationList;
			buildConfigurations = (
				B078A91C219B0EE300545EAC /* Debug */,
				B078A91D219B0EE300545EAC /* Release */,
			);
			defaultConfigurationIsVisible = 0;
			defaultConfigurationName = Release;
		};
		B078A91E219B0EE300545EAC /* Build configuration list for PBXNativeTarget "GildtApp" */ = {
			isa = XCConfigurationList;
			buildConfigurations = (
				B078A91F219B0EE300545EAC /* Debug */,
				B078A920219B0EE300545EAC /* Release */,
			);
			defaultConfigurationIsVisible = 0;
			defaultConfigurationName = Release;
		};
/* End XCConfigurationList section */
	};
	rootObject = B078A902219B0EE000545EAC /* Project object */;
}
